
Microsoft Visual Studio Solution File, Format Version 12.00
# Visual Studio 2013
VisualStudioVersion = 12.0.40629.0
MinimumVisualStudioVersion = 10.0.40219.1
Project("{8BC9CEB8-8B4A-11D0-8D11-00A0C91BC942}") = "visNET", "Source\visNET.vcxproj", "{24971A48-3C4D-43B0-8222-92C1C34BE841}"
EndProject
Global
	GlobalSection(SolutionConfigurationPlatforms) = preSolution
		Debug|Win32 = Debug|Win32
		Release|Win32 = Release|Win32
	EndGlobalSection
	GlobalSection(ProjectConfigurationPlatforms) = postSolution
		{24971A48-3C4D-43B0-8222-92C1C34BE841}.Debug|Win32.ActiveCfg = Debug|Win32
		{24971A48-3C4D-43B0-8222-92C1C34BE841}.Debug|Win32.Build.0 = Debug|Win32
		{24971A48-3C4D-43B0-8222-92C1C34BE841}.Release|Win32.ActiveCfg = Release|Win32
		{24971A48-3C4D-43B0-8222-92C1C34BE841}.Release|Win32.Build.0 = Release|Win32
	EndGlobalSection
	GlobalSection(SolutionProperties) = preSolution
		HideSolutionNode = FALSE
	EndGlobalSection
EndGlobal
